
Microsoft Visual Studio Solution File, Format Version 12.00
# Visual Studio 15
VisualStudioVersion = 15.0.27703.2035
MinimumVisualStudioVersion = 10.0.40219.1
Project("{FAE04EC0-301F-11D3-BF4B-00C04F79EFBC}") = "test.wms.outstock.web", "test.wms.outstock.web\test.wms.outstock.web.csproj", "{D4D4000F-753D-43D0-9E50-E0898675649E}"
EndProject
Global
	GlobalSection(SolutionConfigurationPlatforms) = preSolution
		Debug|Any CPU = Debug|Any CPU
		Release|Any CPU = Release|Any CPU
	EndGlobalSection
	GlobalSection(ProjectConfigurationPlatforms) = postSolution
		{D4D4000F-753D-43D0-9E50-E0898675649E}.Debug|Any CPU.ActiveCfg = Debug|Any CPU
		{D4D4000F-753D-43D0-9E50-E0898675649E}.Debug|Any CPU.Build.0 = Debug|Any CPU
		{D4D4000F-753D-43D0-9E50-E0898675649E}.Release|Any CPU.ActiveCfg = Release|Any CPU
		{D4D4000F-753D-43D0-9E50-E0898675649E}.Release|Any CPU.Build.0 = Release|Any CPU
	EndGlobalSection
	GlobalSection(SolutionProperties) = preSolution
		HideSolutionNode = FALSE
	EndGlobalSection
	GlobalSection(ExtensibilityGlobals) = postSolution
		SolutionGuid = {ADDBB974-CA03-4EFE-A36B-B3F73AD34894}
	EndGlobalSection
EndGlobal
